// !$*UTF8*$!
{
	archiveVersion = 1;
	classes = {
	};
	objectVersion = 56;
	objects = {

/* Begin PBXBuildFile section */
		019E03B92CB52274008753E9 /* AppDelegate.swift in Sources */ = {isa = PBXBuildFile; fileRef = 019E03B82CB52274008753E9 /* AppDelegate.swift */; };
		019E03BB2CB52274008753E9 /* SceneDelegate.swift in Sources */ = {isa = PBXBuildFile; fileRef = 019E03BA2CB52274008753E9 /* SceneDelegate.swift */; };
		019E03C22CB52275008753E9 /* Assets.xcassets in Resources */ = {isa = PBXBuildFile; fileRef = 019E03C12CB52275008753E9 /* Assets.xcassets */; };
		019E03C52CB52275008753E9 /* Base in Resources */ = {isa = PBXBuildFile; fileRef = 019E03C42CB52275008753E9 /* Base */; };
		019E03CD2CB5228A008753E9 /* .gitignore in Resources */ = {isa = PBXBuildFile; fileRef = 019E03CC2CB5228A008753E9 /* .gitignore */; };
		019E03D12CB52C72008753E9 /* SearchNetworkManager.swift in Sources */ = {isa = PBXBuildFile; fileRef = 019E03D02CB52C72008753E9 /* SearchNetworkManager.swift */; };
		019E03D82CB661D9008753E9 /* Router.swift in Sources */ = {isa = PBXBuildFile; fileRef = 019E03D72CB661D9008753E9 /* Router.swift */; };
		019E03DA2CB669DF008753E9 /* TargetType.swift in Sources */ = {isa = PBXBuildFile; fileRef = 019E03D92CB669DF008753E9 /* TargetType.swift */; };
		019E03DE2CB672EA008753E9 /* HTTPHeaderField.swift in Sources */ = {isa = PBXBuildFile; fileRef = 019E03DD2CB672EA008753E9 /* HTTPHeaderField.swift */; };
		019E03E62CB67A86008753E9 /* Search.swift in Sources */ = {isa = PBXBuildFile; fileRef = 019E03E52CB67A86008753E9 /* Search.swift */; };
		019E03EB2CB75C8E008753E9 /* TrendingMovie.swift in Sources */ = {isa = PBXBuildFile; fileRef = 019E03EA2CB75C8E008753E9 /* TrendingMovie.swift */; };
		019E03ED2CB75D56008753E9 /* TrendingNetworkManager.swift in Sources */ = {isa = PBXBuildFile; fileRef = 019E03EC2CB75D56008753E9 /* TrendingNetworkManager.swift */; };
		019E03EF2CB79272008753E9 /* TrendingSeries.swift in Sources */ = {isa = PBXBuildFile; fileRef = 019E03EE2CB79272008753E9 /* TrendingSeries.swift */; };
		019E04282CB95338008753E9 /* SimilarMovie.swift in Sources */ = {isa = PBXBuildFile; fileRef = 019E04272CB95338008753E9 /* SimilarMovie.swift */; };
		019E042A2CB95420008753E9 /* SimilarSeries.swift in Sources */ = {isa = PBXBuildFile; fileRef = 019E04292CB95420008753E9 /* SimilarSeries.swift */; };
		019E042C2CB95464008753E9 /* SimilarNetworkManager.swift in Sources */ = {isa = PBXBuildFile; fileRef = 019E042B2CB95464008753E9 /* SimilarNetworkManager.swift */; };
		019E042F2CB95722008753E9 /* Credits.swift in Sources */ = {isa = PBXBuildFile; fileRef = 019E042E2CB95722008753E9 /* Credits.swift */; };
		019E04312CB957CA008753E9 /* CreditsNetworkManager.swift in Sources */ = {isa = PBXBuildFile; fileRef = 019E04302CB957CA008753E9 /* CreditsNetworkManager.swift */; };
		019E04362CB95B2B008753E9 /* Genre.swift in Sources */ = {isa = PBXBuildFile; fileRef = 019E04352CB95B2B008753E9 /* Genre.swift */; };
		019E04382CB95B55008753E9 /* GenreNetworkManager.swift in Sources */ = {isa = PBXBuildFile; fileRef = 019E04372CB95B55008753E9 /* GenreNetworkManager.swift */; };
		019E043B2CB9650D008753E9 /* DetailViewController.swift in Sources */ = {isa = PBXBuildFile; fileRef = 019E043A2CB9650D008753E9 /* DetailViewController.swift */; };
		019E043D2CB9651A008753E9 /* DetailView.swift in Sources */ = {isa = PBXBuildFile; fileRef = 019E043C2CB9651A008753E9 /* DetailView.swift */; };
		019E04442CBA613D008753E9 /* DetailViewModel.swift in Sources */ = {isa = PBXBuildFile; fileRef = 019E04432CBA613D008753E9 /* DetailViewModel.swift */; };
		019E04542CBCF281008753E9 /* MovielityAlertView.swift in Sources */ = {isa = PBXBuildFile; fileRef = 019E04532CBCF281008753E9 /* MovielityAlertView.swift */; };
		AA6522002CB5345800B56E01 /* SnapKit in Frameworks */ = {isa = PBXBuildFile; productRef = AA6521FF2CB5345800B56E01 /* SnapKit */; };
		AA6522062CB5352400B56E01 /* RealmSwift in Frameworks */ = {isa = PBXBuildFile; productRef = AA6522052CB5352400B56E01 /* RealmSwift */; };
		AA6522072CB5353100B56E01 /* RealmSwift in Embed Frameworks */ = {isa = PBXBuildFile; productRef = AA6522052CB5352400B56E01 /* RealmSwift */; settings = {ATTRIBUTES = (CodeSignOnCopy, ); }; };
		AA65220B2CB5359200B56E01 /* RxCocoa in Frameworks */ = {isa = PBXBuildFile; productRef = AA65220A2CB5359200B56E01 /* RxCocoa */; };
		AA65220D2CB5359200B56E01 /* RxSwift in Frameworks */ = {isa = PBXBuildFile; productRef = AA65220C2CB5359200B56E01 /* RxSwift */; };
		AA6522102CB535A300B56E01 /* Alamofire in Frameworks */ = {isa = PBXBuildFile; productRef = AA65220F2CB535A300B56E01 /* Alamofire */; };
		AA6522132CB535BD00B56E01 /* Then in Frameworks */ = {isa = PBXBuildFile; productRef = AA6522122CB535BD00B56E01 /* Then */; };
		AA6522DA2CB68DE400B56E01 /* SearchView.swift in Sources */ = {isa = PBXBuildFile; fileRef = AA6522D92CB68DE400B56E01 /* SearchView.swift */; };
		AA6522DC2CB68DF400B56E01 /* SearchViewController.swift in Sources */ = {isa = PBXBuildFile; fileRef = AA6522DB2CB68DF400B56E01 /* SearchViewController.swift */; };
		AA6522DF2CB68ECE00B56E01 /* SearchResultsViewController.swift in Sources */ = {isa = PBXBuildFile; fileRef = AA6522DE2CB68ECE00B56E01 /* SearchResultsViewController.swift */; };
		AA6522E12CB68F2500B56E01 /* SearchResultsView.swift in Sources */ = {isa = PBXBuildFile; fileRef = AA6522E02CB68F2500B56E01 /* SearchResultsView.swift */; };
		AA6522E42CB68F7500B56E01 /* SearchTableViewCell.swift in Sources */ = {isa = PBXBuildFile; fileRef = AA6522E32CB68F7500B56E01 /* SearchTableViewCell.swift */; };
		AA6522E62CB68F8E00B56E01 /* ResultItemCollectionViewCell.swift in Sources */ = {isa = PBXBuildFile; fileRef = AA6522E52CB68F8E00B56E01 /* ResultItemCollectionViewCell.swift */; };
		AA6522E92CB68FB300B56E01 /* CustomAppColors.swift in Sources */ = {isa = PBXBuildFile; fileRef = AA6522E82CB68FB300B56E01 /* CustomAppColors.swift */; };
		AA6522F62CB79C4800B56E01 /* TrendingViewModel.swift in Sources */ = {isa = PBXBuildFile; fileRef = AA6522F52CB79C4800B56E01 /* TrendingViewModel.swift */; };
		AA65232A2CB7E41500B56E01 /* BaseView.swift in Sources */ = {isa = PBXBuildFile; fileRef = AA6523292CB7E41500B56E01 /* BaseView.swift */; };
		AA65232C2CB7E43400B56E01 /* BaseViewController.swift in Sources */ = {isa = PBXBuildFile; fileRef = AA65232B2CB7E43400B56E01 /* BaseViewController.swift */; };
		AA65232F2CB7E45400B56E01 /* BaseTableViewCell.swift in Sources */ = {isa = PBXBuildFile; fileRef = AA65232E2CB7E45400B56E01 /* BaseTableViewCell.swift */; };
		AA6523312CB7E46600B56E01 /* BaseCollectionViewCell.swift in Sources */ = {isa = PBXBuildFile; fileRef = AA6523302CB7E46600B56E01 /* BaseCollectionViewCell.swift */; };
		AAD8B0AC2CB8C38200ED45CC /* Kingfisher in Frameworks */ = {isa = PBXBuildFile; productRef = AAD8B0AB2CB8C38200ED45CC /* Kingfisher */; };
		AAD8B0B12CBA6B2900ED45CC /* SearchResultsViewModel.swift in Sources */ = {isa = PBXBuildFile; fileRef = AAD8B0B02CBA6B2900ED45CC /* SearchResultsViewModel.swift */; };
		AAD8B0B32CBBB45100ED45CC /* ViewModelType.swift in Sources */ = {isa = PBXBuildFile; fileRef = AAD8B0B22CBBB45100ED45CC /* ViewModelType.swift */; };
		AAD8B0B52CBBB46300ED45CC /* SearchResultsDelegate.swift in Sources */ = {isa = PBXBuildFile; fileRef = AAD8B0B42CBBB46300ED45CC /* SearchResultsDelegate.swift */; };
		B037EBAC2CB7BA4E00229EAE /* HomeViewController.swift in Sources */ = {isa = PBXBuildFile; fileRef = B037EBAB2CB7BA4E00229EAE /* HomeViewController.swift */; };
		B037EBAE2CB7BA5F00229EAE /* HomeCollectionViewCell.swift in Sources */ = {isa = PBXBuildFile; fileRef = B037EBAD2CB7BA5F00229EAE /* HomeCollectionViewCell.swift */; };
		B037EBB22CB7BA8000229EAE /* UICollectionViewLayout +.swift in Sources */ = {isa = PBXBuildFile; fileRef = B037EBB12CB7BA8000229EAE /* UICollectionViewLayout +.swift */; };
		B037EBB62CB7BA9E00229EAE /* HomeView.swift in Sources */ = {isa = PBXBuildFile; fileRef = B037EBB52CB7BA9E00229EAE /* HomeView.swift */; };
		B037EBB82CB7BABC00229EAE /* ReusableProtocol.swift in Sources */ = {isa = PBXBuildFile; fileRef = B037EBB72CB7BABC00229EAE /* ReusableProtocol.swift */; };
		B037EBC02CB7CB6800229EAE /* APIUrl.swift in Sources */ = {isa = PBXBuildFile; fileRef = B037EBBF2CB7CB6800229EAE /* APIUrl.swift */; };
		B037EBC22CB7CB9300229EAE /* APIKey.swift in Sources */ = {isa = PBXBuildFile; fileRef = B037EBC12CB7CB9300229EAE /* APIKey.swift */; };
		B037EBC42CB7F8EE00229EAE /* MovielityTabBarController.swift in Sources */ = {isa = PBXBuildFile; fileRef = B037EBC32CB7F8EE00229EAE /* MovielityTabBarController.swift */; };
		B037EBC62CB7F90200229EAE /* MovielityTabBar.swift in Sources */ = {isa = PBXBuildFile; fileRef = B037EBC52CB7F90200229EAE /* MovielityTabBar.swift */; };
		B037EBC82CB7FA3300229EAE /* StringLiterals.swift in Sources */ = {isa = PBXBuildFile; fileRef = B037EBC72CB7FA3300229EAE /* StringLiterals.swift */; };
		B037EBCB2CB7FE2500229EAE /* DownloadViewController.swift in Sources */ = {isa = PBXBuildFile; fileRef = B037EBCA2CB7FE2500229EAE /* DownloadViewController.swift */; };
		B037EBCD2CB7FE5500229EAE /* DownloadView.swift in Sources */ = {isa = PBXBuildFile; fileRef = B037EBCC2CB7FE5500229EAE /* DownloadView.swift */; };
		B037EBF42CB922D200229EAE /* HomeViewModel.swift in Sources */ = {isa = PBXBuildFile; fileRef = B037EBF32CB922D200229EAE /* HomeViewModel.swift */; };
		B0DA47182CBA38F6009DC941 /* CustomButton.swift in Sources */ = {isa = PBXBuildFile; fileRef = B0DA47172CBA38F6009DC941 /* CustomButton.swift */; };
/* End PBXBuildFile section */

/* Begin PBXCopyFilesBuildPhase section */
		AA6522082CB5353100B56E01 /* Embed Frameworks */ = {
			isa = PBXCopyFilesBuildPhase;
			buildActionMask = 2147483647;
			dstPath = "";
			dstSubfolderSpec = 10;
			files = (
				AA6522072CB5353100B56E01 /* RealmSwift in Embed Frameworks */,
			);
			name = "Embed Frameworks";
			runOnlyForDeploymentPostprocessing = 0;
		};
/* End PBXCopyFilesBuildPhase section */

/* Begin PBXFileReference section */
		019E03B52CB52274008753E9 /* Movielity.app */ = {isa = PBXFileReference; explicitFileType = wrapper.application; includeInIndex = 0; path = Movielity.app; sourceTree = BUILT_PRODUCTS_DIR; };
		019E03B82CB52274008753E9 /* AppDelegate.swift */ = {isa = PBXFileReference; lastKnownFileType = sourcecode.swift; path = AppDelegate.swift; sourceTree = "<group>"; };
		019E03BA2CB52274008753E9 /* SceneDelegate.swift */ = {isa = PBXFileReference; lastKnownFileType = sourcecode.swift; path = SceneDelegate.swift; sourceTree = "<group>"; };
		019E03C12CB52275008753E9 /* Assets.xcassets */ = {isa = PBXFileReference; lastKnownFileType = folder.assetcatalog; path = Assets.xcassets; sourceTree = "<group>"; };
		019E03C42CB52275008753E9 /* Base */ = {isa = PBXFileReference; lastKnownFileType = file.storyboard; name = Base; path = Base.lproj/LaunchScreen.storyboard; sourceTree = "<group>"; };
		019E03C62CB52275008753E9 /* Info.plist */ = {isa = PBXFileReference; lastKnownFileType = text.plist.xml; path = Info.plist; sourceTree = "<group>"; };
		019E03CC2CB5228A008753E9 /* .gitignore */ = {isa = PBXFileReference; lastKnownFileType = text; path = .gitignore; sourceTree = "<group>"; };
		019E03D02CB52C72008753E9 /* SearchNetworkManager.swift */ = {isa = PBXFileReference; lastKnownFileType = sourcecode.swift; path = SearchNetworkManager.swift; sourceTree = "<group>"; };
		019E03D72CB661D9008753E9 /* Router.swift */ = {isa = PBXFileReference; lastKnownFileType = sourcecode.swift; path = Router.swift; sourceTree = "<group>"; };
		019E03D92CB669DF008753E9 /* TargetType.swift */ = {isa = PBXFileReference; lastKnownFileType = sourcecode.swift; path = TargetType.swift; sourceTree = "<group>"; };
		019E03DD2CB672EA008753E9 /* HTTPHeaderField.swift */ = {isa = PBXFileReference; lastKnownFileType = sourcecode.swift; path = HTTPHeaderField.swift; sourceTree = "<group>"; };
		019E03E52CB67A86008753E9 /* Search.swift */ = {isa = PBXFileReference; lastKnownFileType = sourcecode.swift; path = Search.swift; sourceTree = "<group>"; };
		019E03EA2CB75C8E008753E9 /* TrendingMovie.swift */ = {isa = PBXFileReference; lastKnownFileType = sourcecode.swift; path = TrendingMovie.swift; sourceTree = "<group>"; };
		019E03EC2CB75D56008753E9 /* TrendingNetworkManager.swift */ = {isa = PBXFileReference; lastKnownFileType = sourcecode.swift; path = TrendingNetworkManager.swift; sourceTree = "<group>"; };
		019E03EE2CB79272008753E9 /* TrendingSeries.swift */ = {isa = PBXFileReference; lastKnownFileType = sourcecode.swift; path = TrendingSeries.swift; sourceTree = "<group>"; };
		019E04272CB95338008753E9 /* SimilarMovie.swift */ = {isa = PBXFileReference; lastKnownFileType = sourcecode.swift; path = SimilarMovie.swift; sourceTree = "<group>"; };
		019E04292CB95420008753E9 /* SimilarSeries.swift */ = {isa = PBXFileReference; lastKnownFileType = sourcecode.swift; path = SimilarSeries.swift; sourceTree = "<group>"; };
		019E042B2CB95464008753E9 /* SimilarNetworkManager.swift */ = {isa = PBXFileReference; lastKnownFileType = sourcecode.swift; path = SimilarNetworkManager.swift; sourceTree = "<group>"; };
		019E042E2CB95722008753E9 /* Credits.swift */ = {isa = PBXFileReference; lastKnownFileType = sourcecode.swift; path = Credits.swift; sourceTree = "<group>"; };
		019E04302CB957CA008753E9 /* CreditsNetworkManager.swift */ = {isa = PBXFileReference; lastKnownFileType = sourcecode.swift; path = CreditsNetworkManager.swift; sourceTree = "<group>"; };
		019E04352CB95B2B008753E9 /* Genre.swift */ = {isa = PBXFileReference; lastKnownFileType = sourcecode.swift; path = Genre.swift; sourceTree = "<group>"; };
		019E04372CB95B55008753E9 /* GenreNetworkManager.swift */ = {isa = PBXFileReference; lastKnownFileType = sourcecode.swift; path = GenreNetworkManager.swift; sourceTree = "<group>"; };
		019E043A2CB9650D008753E9 /* DetailViewController.swift */ = {isa = PBXFileReference; lastKnownFileType = sourcecode.swift; path = DetailViewController.swift; sourceTree = "<group>"; };
		019E043C2CB9651A008753E9 /* DetailView.swift */ = {isa = PBXFileReference; lastKnownFileType = sourcecode.swift; path = DetailView.swift; sourceTree = "<group>"; };
		019E04432CBA613D008753E9 /* DetailViewModel.swift */ = {isa = PBXFileReference; lastKnownFileType = sourcecode.swift; path = DetailViewModel.swift; sourceTree = "<group>"; };
		019E04532CBCF281008753E9 /* MovielityAlertView.swift */ = {isa = PBXFileReference; lastKnownFileType = sourcecode.swift; path = MovielityAlertView.swift; sourceTree = "<group>"; };
		AA6522D92CB68DE400B56E01 /* SearchView.swift */ = {isa = PBXFileReference; lastKnownFileType = sourcecode.swift; path = SearchView.swift; sourceTree = "<group>"; };
		AA6522DB2CB68DF400B56E01 /* SearchViewController.swift */ = {isa = PBXFileReference; lastKnownFileType = sourcecode.swift; path = SearchViewController.swift; sourceTree = "<group>"; };
		AA6522DE2CB68ECE00B56E01 /* SearchResultsViewController.swift */ = {isa = PBXFileReference; lastKnownFileType = sourcecode.swift; path = SearchResultsViewController.swift; sourceTree = "<group>"; };
		AA6522E02CB68F2500B56E01 /* SearchResultsView.swift */ = {isa = PBXFileReference; lastKnownFileType = sourcecode.swift; path = SearchResultsView.swift; sourceTree = "<group>"; };
		AA6522E32CB68F7500B56E01 /* SearchTableViewCell.swift */ = {isa = PBXFileReference; lastKnownFileType = sourcecode.swift; path = SearchTableViewCell.swift; sourceTree = "<group>"; };
		AA6522E52CB68F8E00B56E01 /* ResultItemCollectionViewCell.swift */ = {isa = PBXFileReference; lastKnownFileType = sourcecode.swift; path = ResultItemCollectionViewCell.swift; sourceTree = "<group>"; };
		AA6522E82CB68FB300B56E01 /* CustomAppColors.swift */ = {isa = PBXFileReference; lastKnownFileType = sourcecode.swift; path = CustomAppColors.swift; sourceTree = "<group>"; };
		AA6522F52CB79C4800B56E01 /* TrendingViewModel.swift */ = {isa = PBXFileReference; lastKnownFileType = sourcecode.swift; path = TrendingViewModel.swift; sourceTree = "<group>"; };
		AA6523292CB7E41500B56E01 /* BaseView.swift */ = {isa = PBXFileReference; lastKnownFileType = sourcecode.swift; path = BaseView.swift; sourceTree = "<group>"; };
		AA65232B2CB7E43400B56E01 /* BaseViewController.swift */ = {isa = PBXFileReference; lastKnownFileType = sourcecode.swift; path = BaseViewController.swift; sourceTree = "<group>"; };
		AA65232E2CB7E45400B56E01 /* BaseTableViewCell.swift */ = {isa = PBXFileReference; lastKnownFileType = sourcecode.swift; path = BaseTableViewCell.swift; sourceTree = "<group>"; };
		AA6523302CB7E46600B56E01 /* BaseCollectionViewCell.swift */ = {isa = PBXFileReference; lastKnownFileType = sourcecode.swift; path = BaseCollectionViewCell.swift; sourceTree = "<group>"; };
		AAD8B0B02CBA6B2900ED45CC /* SearchResultsViewModel.swift */ = {isa = PBXFileReference; lastKnownFileType = sourcecode.swift; path = SearchResultsViewModel.swift; sourceTree = "<group>"; };
		AAD8B0B22CBBB45100ED45CC /* ViewModelType.swift */ = {isa = PBXFileReference; lastKnownFileType = sourcecode.swift; path = ViewModelType.swift; sourceTree = "<group>"; };
		AAD8B0B42CBBB46300ED45CC /* SearchResultsDelegate.swift */ = {isa = PBXFileReference; lastKnownFileType = sourcecode.swift; path = SearchResultsDelegate.swift; sourceTree = "<group>"; };
		B037EBAB2CB7BA4E00229EAE /* HomeViewController.swift */ = {isa = PBXFileReference; lastKnownFileType = sourcecode.swift; path = HomeViewController.swift; sourceTree = "<group>"; };
		B037EBAD2CB7BA5F00229EAE /* HomeCollectionViewCell.swift */ = {isa = PBXFileReference; lastKnownFileType = sourcecode.swift; path = HomeCollectionViewCell.swift; sourceTree = "<group>"; };
		B037EBB12CB7BA8000229EAE /* UICollectionViewLayout +.swift */ = {isa = PBXFileReference; lastKnownFileType = sourcecode.swift; path = "UICollectionViewLayout +.swift"; sourceTree = "<group>"; };
		B037EBB52CB7BA9E00229EAE /* HomeView.swift */ = {isa = PBXFileReference; lastKnownFileType = sourcecode.swift; path = HomeView.swift; sourceTree = "<group>"; };
		B037EBB72CB7BABC00229EAE /* ReusableProtocol.swift */ = {isa = PBXFileReference; lastKnownFileType = sourcecode.swift; path = ReusableProtocol.swift; sourceTree = "<group>"; };
		B037EBBF2CB7CB6800229EAE /* APIUrl.swift */ = {isa = PBXFileReference; lastKnownFileType = sourcecode.swift; path = APIUrl.swift; sourceTree = "<group>"; };
		B037EBC12CB7CB9300229EAE /* APIKey.swift */ = {isa = PBXFileReference; lastKnownFileType = sourcecode.swift; path = APIKey.swift; sourceTree = "<group>"; };
		B037EBC32CB7F8EE00229EAE /* MovielityTabBarController.swift */ = {isa = PBXFileReference; lastKnownFileType = sourcecode.swift; path = MovielityTabBarController.swift; sourceTree = "<group>"; };
		B037EBC52CB7F90200229EAE /* MovielityTabBar.swift */ = {isa = PBXFileReference; lastKnownFileType = sourcecode.swift; path = MovielityTabBar.swift; sourceTree = "<group>"; };
		B037EBC72CB7FA3300229EAE /* StringLiterals.swift */ = {isa = PBXFileReference; lastKnownFileType = sourcecode.swift; path = StringLiterals.swift; sourceTree = "<group>"; };
		B037EBCA2CB7FE2500229EAE /* DownloadViewController.swift */ = {isa = PBXFileReference; lastKnownFileType = sourcecode.swift; path = DownloadViewController.swift; sourceTree = "<group>"; };
		B037EBCC2CB7FE5500229EAE /* DownloadView.swift */ = {isa = PBXFileReference; lastKnownFileType = sourcecode.swift; path = DownloadView.swift; sourceTree = "<group>"; };
		B037EBF32CB922D200229EAE /* HomeViewModel.swift */ = {isa = PBXFileReference; lastKnownFileType = sourcecode.swift; path = HomeViewModel.swift; sourceTree = "<group>"; };
		B0DA47172CBA38F6009DC941 /* CustomButton.swift */ = {isa = PBXFileReference; lastKnownFileType = sourcecode.swift; path = CustomButton.swift; sourceTree = "<group>"; };
/* End PBXFileReference section */

/* Begin PBXFrameworksBuildPhase section */
		019E03B22CB52274008753E9 /* Frameworks */ = {
			isa = PBXFrameworksBuildPhase;
			buildActionMask = 2147483647;
			files = (
				AA6522102CB535A300B56E01 /* Alamofire in Frameworks */,
				AA6522132CB535BD00B56E01 /* Then in Frameworks */,
				AAD8B0AC2CB8C38200ED45CC /* Kingfisher in Frameworks */,
				AA65220B2CB5359200B56E01 /* RxCocoa in Frameworks */,
				AA6522062CB5352400B56E01 /* RealmSwift in Frameworks */,
				AA65220D2CB5359200B56E01 /* RxSwift in Frameworks */,
				AA6522002CB5345800B56E01 /* SnapKit in Frameworks */,
			);
			runOnlyForDeploymentPostprocessing = 0;
		};
/* End PBXFrameworksBuildPhase section */

/* Begin PBXGroup section */
		019E03AC2CB52274008753E9 = {
			isa = PBXGroup;
			children = (
				019E03CC2CB5228A008753E9 /* .gitignore */,
				019E03B72CB52274008753E9 /* Movielity */,
				019E03B62CB52274008753E9 /* Products */,
			);
			sourceTree = "<group>";
		};
		019E03B62CB52274008753E9 /* Products */ = {
			isa = PBXGroup;
			children = (
				019E03B52CB52274008753E9 /* Movielity.app */,
			);
			name = Products;
			sourceTree = "<group>";
		};
		019E03B72CB52274008753E9 /* Movielity */ = {
			isa = PBXGroup;
			children = (
				AA65231A2CB7DF5300B56E01 /* Application */,
				AA6523192CB7DEF600B56E01 /* Global */,
				019E03D42CB65AE6008753E9 /* Network */,
				AA6522D22CB68C8C00B56E01 /* Presentation */,
				019E03C32CB52275008753E9 /* LaunchScreen.storyboard */,
				019E03C62CB52275008753E9 /* Info.plist */,
			);
			path = Movielity;
			sourceTree = "<group>";
		};
		019E03D42CB65AE6008753E9 /* Network */ = {
			isa = PBXGroup;
			children = (
				019E04342CB95AF5008753E9 /* Genre */,
				019E042D2CB956A1008753E9 /* Credits */,
				019E04262CB95274008753E9 /* Similar */,
				019E03E92CB75C84008753E9 /* Trending */,
				019E03E82CB75BFB008753E9 /* Search */,
				019E03E72CB75BDE008753E9 /* Base */,
			);
			path = Network;
			sourceTree = "<group>";
		};
		019E03E72CB75BDE008753E9 /* Base */ = {
			isa = PBXGroup;
			children = (
				019E03D72CB661D9008753E9 /* Router.swift */,
				019E03D92CB669DF008753E9 /* TargetType.swift */,
				019E03DD2CB672EA008753E9 /* HTTPHeaderField.swift */,
			);
			path = Base;
			sourceTree = "<group>";
		};
		019E03E82CB75BFB008753E9 /* Search */ = {
			isa = PBXGroup;
			children = (
				019E03E52CB67A86008753E9 /* Search.swift */,
				019E03D02CB52C72008753E9 /* SearchNetworkManager.swift */,
			);
			path = Search;
			sourceTree = "<group>";
		};
		019E03E92CB75C84008753E9 /* Trending */ = {
			isa = PBXGroup;
			children = (
				019E03EA2CB75C8E008753E9 /* TrendingMovie.swift */,
				019E03EE2CB79272008753E9 /* TrendingSeries.swift */,
				019E03EC2CB75D56008753E9 /* TrendingNetworkManager.swift */,
			);
			path = Trending;
			sourceTree = "<group>";
		};
		019E04262CB95274008753E9 /* Similar */ = {
			isa = PBXGroup;
			children = (
				019E04272CB95338008753E9 /* SimilarMovie.swift */,
				019E04292CB95420008753E9 /* SimilarSeries.swift */,
				019E042B2CB95464008753E9 /* SimilarNetworkManager.swift */,
			);
			path = Similar;
			sourceTree = "<group>";
		};
		019E042D2CB956A1008753E9 /* Credits */ = {
			isa = PBXGroup;
			children = (
				019E042E2CB95722008753E9 /* Credits.swift */,
				019E04302CB957CA008753E9 /* CreditsNetworkManager.swift */,
			);
			path = Credits;
			sourceTree = "<group>";
		};
		019E04342CB95AF5008753E9 /* Genre */ = {
			isa = PBXGroup;
			children = (
				019E04352CB95B2B008753E9 /* Genre.swift */,
				019E04372CB95B55008753E9 /* GenreNetworkManager.swift */,
			);
			path = Genre;
			sourceTree = "<group>";
		};
		019E04392CB964ED008753E9 /* Detail */ = {
			isa = PBXGroup;
			children = (
				019E043A2CB9650D008753E9 /* DetailViewController.swift */,
				019E04432CBA613D008753E9 /* DetailViewModel.swift */,
				019E043C2CB9651A008753E9 /* DetailView.swift */,
			);
			path = Detail;
			sourceTree = "<group>";
		};
		AA6522D22CB68C8C00B56E01 /* Presentation */ = {
			isa = PBXGroup;
			children = (
				AA6523282CB7E3F100B56E01 /* Base */,
				AA6523172CB7DD5100B56E01 /* Home */,
				AA6523162CB7DD1800B56E01 /* SearchResults */,
				AA6523152CB7DD1500B56E01 /* Search */,
				B037EBC92CB7FDFD00229EAE /* Download */,
				019E04392CB964ED008753E9 /* Detail */,
				B037EBCE2CB7FF3000229EAE /* TabBar */,
			);
			path = Presentation;
			sourceTree = "<group>";
		};
		AA6522E72CB68FA200B56E01 /* Resources */ = {
			isa = PBXGroup;
			children = (
				019E03C12CB52275008753E9 /* Assets.xcassets */,
				AA6522E82CB68FB300B56E01 /* CustomAppColors.swift */,
				B037EBBF2CB7CB6800229EAE /* APIUrl.swift */,
				B037EBC12CB7CB9300229EAE /* APIKey.swift */,
				B037EBC72CB7FA3300229EAE /* StringLiterals.swift */,
			);
			path = Resources;
			sourceTree = "<group>";
		};
		AA6522EA2CB68FBE00B56E01 /* Protocols */ = {
			isa = PBXGroup;
			children = (
				B037EBB72CB7BABC00229EAE /* ReusableProtocol.swift */,
				AAD8B0B22CBBB45100ED45CC /* ViewModelType.swift */,
				AAD8B0B42CBBB46300ED45CC /* SearchResultsDelegate.swift */,
			);
			path = Protocols;
			sourceTree = "<group>";
		};
		AA6523152CB7DD1500B56E01 /* Search */ = {
			isa = PBXGroup;
			children = (
				AA6522DB2CB68DF400B56E01 /* SearchViewController.swift */,
				AA6522D92CB68DE400B56E01 /* SearchView.swift */,
				AA6522E32CB68F7500B56E01 /* SearchTableViewCell.swift */,
				AA6522F52CB79C4800B56E01 /* TrendingViewModel.swift */,
				AAD8B0B02CBA6B2900ED45CC /* SearchResultsViewModel.swift */,
			);
			path = Search;
			sourceTree = "<group>";
		};
		AA6523162CB7DD1800B56E01 /* SearchResults */ = {
			isa = PBXGroup;
			children = (
				AA6522E52CB68F8E00B56E01 /* ResultItemCollectionViewCell.swift */,
				AA6522DE2CB68ECE00B56E01 /* SearchResultsViewController.swift */,
				AA6522E02CB68F2500B56E01 /* SearchResultsView.swift */,
			);
			path = SearchResults;
			sourceTree = "<group>";
		};
		AA6523172CB7DD5100B56E01 /* Home */ = {
			isa = PBXGroup;
			children = (
				B037EBAB2CB7BA4E00229EAE /* HomeViewController.swift */,
				B037EBB52CB7BA9E00229EAE /* HomeView.swift */,
				B037EBAD2CB7BA5F00229EAE /* HomeCollectionViewCell.swift */,
				B037EBF32CB922D200229EAE /* HomeViewModel.swift */,
			);
			path = Home;
			sourceTree = "<group>";
		};
		AA6523192CB7DEF600B56E01 /* Global */ = {
			isa = PBXGroup;
			children = (
				B0DA47162CBA38A0009DC941 /* Components */,
				AA6522EA2CB68FBE00B56E01 /* Protocols */,
				AA65231B2CB7DFC800B56E01 /* Extensions */,
				AA6522E72CB68FA200B56E01 /* Resources */,
			);
			path = Global;
			sourceTree = "<group>";
		};
		AA65231A2CB7DF5300B56E01 /* Application */ = {
			isa = PBXGroup;
			children = (
				019E03B82CB52274008753E9 /* AppDelegate.swift */,
				019E03BA2CB52274008753E9 /* SceneDelegate.swift */,
			);
			path = Application;
			sourceTree = "<group>";
		};
		AA65231B2CB7DFC800B56E01 /* Extensions */ = {
			isa = PBXGroup;
			children = (
				B037EBB12CB7BA8000229EAE /* UICollectionViewLayout +.swift */,
			);
			path = Extensions;
			sourceTree = "<group>";
		};
		AA6523282CB7E3F100B56E01 /* Base */ = {
			isa = PBXGroup;
			children = (
				AA6523292CB7E41500B56E01 /* BaseView.swift */,
				AA65232B2CB7E43400B56E01 /* BaseViewController.swift */,
				AA65232E2CB7E45400B56E01 /* BaseTableViewCell.swift */,
				AA6523302CB7E46600B56E01 /* BaseCollectionViewCell.swift */,
			);
			path = Base;
			sourceTree = "<group>";
		};
		B037EBC92CB7FDFD00229EAE /* Download */ = {
			isa = PBXGroup;
			children = (
				B037EBCA2CB7FE2500229EAE /* DownloadViewController.swift */,
				B037EBCC2CB7FE5500229EAE /* DownloadView.swift */,
			);
			path = Download;
			sourceTree = "<group>";
		};
		B037EBCE2CB7FF3000229EAE /* TabBar */ = {
			isa = PBXGroup;
			children = (
				B037EBC32CB7F8EE00229EAE /* MovielityTabBarController.swift */,
				B037EBC52CB7F90200229EAE /* MovielityTabBar.swift */,
			);
			path = TabBar;
			sourceTree = "<group>";
		};
		B0DA47162CBA38A0009DC941 /* Components */ = {
			isa = PBXGroup;
			children = (
				B0DA47172CBA38F6009DC941 /* CustomButton.swift */,
				019E04532CBCF281008753E9 /* MovielityAlertView.swift */,
			);
			path = Components;
			sourceTree = "<group>";
		};
/* End PBXGroup section */

/* Begin PBXNativeTarget section */
		019E03B42CB52274008753E9 /* Movielity */ = {
			isa = PBXNativeTarget;
			buildConfigurationList = 019E03C92CB52275008753E9 /* Build configuration list for PBXNativeTarget "Movielity" */;
			buildPhases = (
				019E03B12CB52274008753E9 /* Sources */,
				019E03B22CB52274008753E9 /* Frameworks */,
				019E03B32CB52274008753E9 /* Resources */,
				AA6522082CB5353100B56E01 /* Embed Frameworks */,
			);
			buildRules = (
			);
			dependencies = (
			);
			name = Movielity;
			packageProductDependencies = (
				AA6521FF2CB5345800B56E01 /* SnapKit */,
				AA6522052CB5352400B56E01 /* RealmSwift */,
				AA65220A2CB5359200B56E01 /* RxCocoa */,
				AA65220C2CB5359200B56E01 /* RxSwift */,
				AA65220F2CB535A300B56E01 /* Alamofire */,
				AA6522122CB535BD00B56E01 /* Then */,
				AAD8B0AB2CB8C38200ED45CC /* Kingfisher */,
			);
			productName = Movielity;
			productReference = 019E03B52CB52274008753E9 /* Movielity.app */;
			productType = "com.apple.product-type.application";
		};
/* End PBXNativeTarget section */

/* Begin PBXProject section */
		019E03AD2CB52274008753E9 /* Project object */ = {
			isa = PBXProject;
			attributes = {
				BuildIndependentTargetsInParallel = 1;
				LastSwiftUpdateCheck = 1530;
				LastUpgradeCheck = 1530;
				TargetAttributes = {
					019E03B42CB52274008753E9 = {
						CreatedOnToolsVersion = 15.3;
					};
				};
			};
			buildConfigurationList = 019E03B02CB52274008753E9 /* Build configuration list for PBXProject "Movielity" */;
			compatibilityVersion = "Xcode 14.0";
			developmentRegion = en;
			hasScannedForEncodings = 0;
			knownRegions = (
				en,
				Base,
			);
			mainGroup = 019E03AC2CB52274008753E9;
			packageReferences = (
				AA6521FE2CB5345800B56E01 /* XCRemoteSwiftPackageReference "SnapKit" */,
				AA6522042CB5352400B56E01 /* XCRemoteSwiftPackageReference "realm-swift" */,
				AA6522092CB5359200B56E01 /* XCRemoteSwiftPackageReference "RxSwift" */,
				AA65220E2CB535A300B56E01 /* XCRemoteSwiftPackageReference "Alamofire" */,
				AA6522112CB535BD00B56E01 /* XCRemoteSwiftPackageReference "Then" */,
				AAD8B0AA2CB8C38200ED45CC /* XCRemoteSwiftPackageReference "Kingfisher" */,
			);
			productRefGroup = 019E03B62CB52274008753E9 /* Products */;
			projectDirPath = "";
			projectRoot = "";
			targets = (
				019E03B42CB52274008753E9 /* Movielity */,
			);
		};
/* End PBXProject section */

/* Begin PBXResourcesBuildPhase section */
		019E03B32CB52274008753E9 /* Resources */ = {
			isa = PBXResourcesBuildPhase;
			buildActionMask = 2147483647;
			files = (
				019E03CD2CB5228A008753E9 /* .gitignore in Resources */,
				019E03C22CB52275008753E9 /* Assets.xcassets in Resources */,
				019E03C52CB52275008753E9 /* Base in Resources */,
			);
			runOnlyForDeploymentPostprocessing = 0;
		};
/* End PBXResourcesBuildPhase section */

/* Begin PBXSourcesBuildPhase section */
		019E03B12CB52274008753E9 /* Sources */ = {
			isa = PBXSourcesBuildPhase;
			buildActionMask = 2147483647;
			files = (
				B037EBC42CB7F8EE00229EAE /* MovielityTabBarController.swift in Sources */,
				019E042F2CB95722008753E9 /* Credits.swift in Sources */,
				019E04312CB957CA008753E9 /* CreditsNetworkManager.swift in Sources */,
				AA65232C2CB7E43400B56E01 /* BaseViewController.swift in Sources */,
				AA6522DF2CB68ECE00B56E01 /* SearchResultsViewController.swift in Sources */,
				019E042C2CB95464008753E9 /* SimilarNetworkManager.swift in Sources */,
				AA6522E42CB68F7500B56E01 /* SearchTableViewCell.swift in Sources */,
				AA6522E92CB68FB300B56E01 /* CustomAppColors.swift in Sources */,
				B037EBCB2CB7FE2500229EAE /* DownloadViewController.swift in Sources */,
				AA6522F62CB79C4800B56E01 /* TrendingViewModel.swift in Sources */,
				AAD8B0B12CBA6B2900ED45CC /* SearchResultsViewModel.swift in Sources */,
				019E042A2CB95420008753E9 /* SimilarSeries.swift in Sources */,
				AA6522F62CB79C4800B56E01 /* TrendingViewModel.swift in Sources */,
				AAD8B0B32CBBB45100ED45CC /* ViewModelType.swift in Sources */,
				AA6522F62CB79C4800B56E01 /* TrendingViewModel.swift in Sources */,
				B0DA47182CBA38F6009DC941 /* CustomButton.swift in Sources */,
				AA6522DC2CB68DF400B56E01 /* SearchViewController.swift in Sources */,
				AA6522DA2CB68DE400B56E01 /* SearchView.swift in Sources */,
				AA6522E12CB68F2500B56E01 /* SearchResultsView.swift in Sources */,
				019E04442CBA613D008753E9 /* DetailViewModel.swift in Sources */,
				AA65232F2CB7E45400B56E01 /* BaseTableViewCell.swift in Sources */,
				AA6522E62CB68F8E00B56E01 /* ResultItemCollectionViewCell.swift in Sources */,
				019E043D2CB9651A008753E9 /* DetailView.swift in Sources */,
				AA6523312CB7E46600B56E01 /* BaseCollectionViewCell.swift in Sources */,
				AAD8B0B52CBBB46300ED45CC /* SearchResultsDelegate.swift in Sources */,
				B037EBB62CB7BA9E00229EAE /* HomeView.swift in Sources */,
				B037EBB82CB7BABC00229EAE /* ReusableProtocol.swift in Sources */,
				B037EBC62CB7F90200229EAE /* MovielityTabBar.swift in Sources */,
				B037EBB22CB7BA8000229EAE /* UICollectionViewLayout +.swift in Sources */,
				019E03D12CB52C72008753E9 /* SearchNetworkManager.swift in Sources */,
				B037EBF42CB922D200229EAE /* HomeViewModel.swift in Sources */,
				019E03EB2CB75C8E008753E9 /* TrendingMovie.swift in Sources */,
				B037EBCD2CB7FE5500229EAE /* DownloadView.swift in Sources */,
				019E03B92CB52274008753E9 /* AppDelegate.swift in Sources */,
				019E043B2CB9650D008753E9 /* DetailViewController.swift in Sources */,
				B037EBC22CB7CB9300229EAE /* APIKey.swift in Sources */,
				B037EBAE2CB7BA5F00229EAE /* HomeCollectionViewCell.swift in Sources */,
				019E04382CB95B55008753E9 /* GenreNetworkManager.swift in Sources */,
				B037EBAC2CB7BA4E00229EAE /* HomeViewController.swift in Sources */,
				B037EBC02CB7CB6800229EAE /* APIUrl.swift in Sources */,
				B037EBC82CB7FA3300229EAE /* StringLiterals.swift in Sources */,
				019E03BB2CB52274008753E9 /* SceneDelegate.swift in Sources */,
				019E03EF2CB79272008753E9 /* TrendingSeries.swift in Sources */,
				019E03D82CB661D9008753E9 /* Router.swift in Sources */,
				019E04542CBCF281008753E9 /* MovielityAlertView.swift in Sources */,
				019E03ED2CB75D56008753E9 /* TrendingNetworkManager.swift in Sources */,
				019E03E62CB67A86008753E9 /* Search.swift in Sources */,
				019E03DE2CB672EA008753E9 /* HTTPHeaderField.swift in Sources */,
				019E04362CB95B2B008753E9 /* Genre.swift in Sources */,
				019E04282CB95338008753E9 /* SimilarMovie.swift in Sources */,
				019E03DA2CB669DF008753E9 /* TargetType.swift in Sources */,
				AA65232A2CB7E41500B56E01 /* BaseView.swift in Sources */,
			);
			runOnlyForDeploymentPostprocessing = 0;
		};
/* End PBXSourcesBuildPhase section */

/* Begin PBXVariantGroup section */
		019E03C32CB52275008753E9 /* LaunchScreen.storyboard */ = {
			isa = PBXVariantGroup;
			children = (
				019E03C42CB52275008753E9 /* Base */,
			);
			name = LaunchScreen.storyboard;
			sourceTree = "<group>";
		};
/* End PBXVariantGroup section */

/* Begin XCBuildConfiguration section */
		019E03C72CB52275008753E9 /* Debug */ = {
			isa = XCBuildConfiguration;
			buildSettings = {
				ALWAYS_SEARCH_USER_PATHS = NO;
				ASSETCATALOG_COMPILER_GENERATE_SWIFT_ASSET_SYMBOL_EXTENSIONS = YES;
				CLANG_ANALYZER_NONNULL = YES;
				CLANG_ANALYZER_NUMBER_OBJECT_CONVERSION = YES_AGGRESSIVE;
				CLANG_CXX_LANGUAGE_STANDARD = "gnu++20";
				CLANG_ENABLE_MODULES = YES;
				CLANG_ENABLE_OBJC_ARC = YES;
				CLANG_ENABLE_OBJC_WEAK = YES;
				CLANG_WARN_BLOCK_CAPTURE_AUTORELEASING = YES;
				CLANG_WARN_BOOL_CONVERSION = YES;
				CLANG_WARN_COMMA = YES;
				CLANG_WARN_CONSTANT_CONVERSION = YES;
				CLANG_WARN_DEPRECATED_OBJC_IMPLEMENTATIONS = YES;
				CLANG_WARN_DIRECT_OBJC_ISA_USAGE = YES_ERROR;
				CLANG_WARN_DOCUMENTATION_COMMENTS = YES;
				CLANG_WARN_EMPTY_BODY = YES;
				CLANG_WARN_ENUM_CONVERSION = YES;
				CLANG_WARN_INFINITE_RECURSION = YES;
				CLANG_WARN_INT_CONVERSION = YES;
				CLANG_WARN_NON_LITERAL_NULL_CONVERSION = YES;
				CLANG_WARN_OBJC_IMPLICIT_RETAIN_SELF = YES;
				CLANG_WARN_OBJC_LITERAL_CONVERSION = YES;
				CLANG_WARN_OBJC_ROOT_CLASS = YES_ERROR;
				CLANG_WARN_QUOTED_INCLUDE_IN_FRAMEWORK_HEADER = YES;
				CLANG_WARN_RANGE_LOOP_ANALYSIS = YES;
				CLANG_WARN_STRICT_PROTOTYPES = YES;
				CLANG_WARN_SUSPICIOUS_MOVE = YES;
				CLANG_WARN_UNGUARDED_AVAILABILITY = YES_AGGRESSIVE;
				CLANG_WARN_UNREACHABLE_CODE = YES;
				CLANG_WARN__DUPLICATE_METHOD_MATCH = YES;
				COPY_PHASE_STRIP = NO;
				DEBUG_INFORMATION_FORMAT = dwarf;
				ENABLE_STRICT_OBJC_MSGSEND = YES;
				ENABLE_TESTABILITY = YES;
				ENABLE_USER_SCRIPT_SANDBOXING = YES;
				GCC_C_LANGUAGE_STANDARD = gnu17;
				GCC_DYNAMIC_NO_PIC = NO;
				GCC_NO_COMMON_BLOCKS = YES;
				GCC_OPTIMIZATION_LEVEL = 0;
				GCC_PREPROCESSOR_DEFINITIONS = (
					"DEBUG=1",
					"$(inherited)",
				);
				GCC_WARN_64_TO_32_BIT_CONVERSION = YES;
				GCC_WARN_ABOUT_RETURN_TYPE = YES_ERROR;
				GCC_WARN_UNDECLARED_SELECTOR = YES;
				GCC_WARN_UNINITIALIZED_AUTOS = YES_AGGRESSIVE;
				GCC_WARN_UNUSED_FUNCTION = YES;
				GCC_WARN_UNUSED_VARIABLE = YES;
				IPHONEOS_DEPLOYMENT_TARGET = 17.4;
				LOCALIZATION_PREFERS_STRING_CATALOGS = YES;
				MTL_ENABLE_DEBUG_INFO = INCLUDE_SOURCE;
				MTL_FAST_MATH = YES;
				ONLY_ACTIVE_ARCH = YES;
				SDKROOT = iphoneos;
				SWIFT_ACTIVE_COMPILATION_CONDITIONS = "DEBUG $(inherited)";
				SWIFT_OPTIMIZATION_LEVEL = "-Onone";
			};
			name = Debug;
		};
		019E03C82CB52275008753E9 /* Release */ = {
			isa = XCBuildConfiguration;
			buildSettings = {
				ALWAYS_SEARCH_USER_PATHS = NO;
				ASSETCATALOG_COMPILER_GENERATE_SWIFT_ASSET_SYMBOL_EXTENSIONS = YES;
				CLANG_ANALYZER_NONNULL = YES;
				CLANG_ANALYZER_NUMBER_OBJECT_CONVERSION = YES_AGGRESSIVE;
				CLANG_CXX_LANGUAGE_STANDARD = "gnu++20";
				CLANG_ENABLE_MODULES = YES;
				CLANG_ENABLE_OBJC_ARC = YES;
				CLANG_ENABLE_OBJC_WEAK = YES;
				CLANG_WARN_BLOCK_CAPTURE_AUTORELEASING = YES;
				CLANG_WARN_BOOL_CONVERSION = YES;
				CLANG_WARN_COMMA = YES;
				CLANG_WARN_CONSTANT_CONVERSION = YES;
				CLANG_WARN_DEPRECATED_OBJC_IMPLEMENTATIONS = YES;
				CLANG_WARN_DIRECT_OBJC_ISA_USAGE = YES_ERROR;
				CLANG_WARN_DOCUMENTATION_COMMENTS = YES;
				CLANG_WARN_EMPTY_BODY = YES;
				CLANG_WARN_ENUM_CONVERSION = YES;
				CLANG_WARN_INFINITE_RECURSION = YES;
				CLANG_WARN_INT_CONVERSION = YES;
				CLANG_WARN_NON_LITERAL_NULL_CONVERSION = YES;
				CLANG_WARN_OBJC_IMPLICIT_RETAIN_SELF = YES;
				CLANG_WARN_OBJC_LITERAL_CONVERSION = YES;
				CLANG_WARN_OBJC_ROOT_CLASS = YES_ERROR;
				CLANG_WARN_QUOTED_INCLUDE_IN_FRAMEWORK_HEADER = YES;
				CLANG_WARN_RANGE_LOOP_ANALYSIS = YES;
				CLANG_WARN_STRICT_PROTOTYPES = YES;
				CLANG_WARN_SUSPICIOUS_MOVE = YES;
				CLANG_WARN_UNGUARDED_AVAILABILITY = YES_AGGRESSIVE;
				CLANG_WARN_UNREACHABLE_CODE = YES;
				CLANG_WARN__DUPLICATE_METHOD_MATCH = YES;
				COPY_PHASE_STRIP = NO;
				DEBUG_INFORMATION_FORMAT = "dwarf-with-dsym";
				ENABLE_NS_ASSERTIONS = NO;
				ENABLE_STRICT_OBJC_MSGSEND = YES;
				ENABLE_USER_SCRIPT_SANDBOXING = YES;
				GCC_C_LANGUAGE_STANDARD = gnu17;
				GCC_NO_COMMON_BLOCKS = YES;
				GCC_WARN_64_TO_32_BIT_CONVERSION = YES;
				GCC_WARN_ABOUT_RETURN_TYPE = YES_ERROR;
				GCC_WARN_UNDECLARED_SELECTOR = YES;
				GCC_WARN_UNINITIALIZED_AUTOS = YES_AGGRESSIVE;
				GCC_WARN_UNUSED_FUNCTION = YES;
				GCC_WARN_UNUSED_VARIABLE = YES;
				IPHONEOS_DEPLOYMENT_TARGET = 17.4;
				LOCALIZATION_PREFERS_STRING_CATALOGS = YES;
				MTL_ENABLE_DEBUG_INFO = NO;
				MTL_FAST_MATH = YES;
				SDKROOT = iphoneos;
				SWIFT_COMPILATION_MODE = wholemodule;
				VALIDATE_PRODUCT = YES;
			};
			name = Release;
		};
		019E03CA2CB52275008753E9 /* Debug */ = {
			isa = XCBuildConfiguration;
			buildSettings = {
				ASSETCATALOG_COMPILER_APPICON_NAME = AppIcon;
				ASSETCATALOG_COMPILER_GLOBAL_ACCENT_COLOR_NAME = AccentColor;
				CODE_SIGN_STYLE = Automatic;
				CURRENT_PROJECT_VERSION = 1;
				GENERATE_INFOPLIST_FILE = YES;
				INFOPLIST_FILE = Movielity/Info.plist;
				INFOPLIST_KEY_CFBundleDisplayName = "무빌리티";
				INFOPLIST_KEY_UIApplicationSupportsIndirectInputEvents = YES;
				INFOPLIST_KEY_UILaunchStoryboardName = LaunchScreen;
				INFOPLIST_KEY_UIMainStoryboardFile = "";
				INFOPLIST_KEY_UISupportedInterfaceOrientations_iPad = "UIInterfaceOrientationPortrait UIInterfaceOrientationPortraitUpsideDown UIInterfaceOrientationLandscapeLeft UIInterfaceOrientationLandscapeRight";
				INFOPLIST_KEY_UISupportedInterfaceOrientations_iPhone = "UIInterfaceOrientationPortrait UIInterfaceOrientationLandscapeLeft UIInterfaceOrientationLandscapeRight";
				LD_RUNPATH_SEARCH_PATHS = (
					"$(inherited)",
					"@executable_path/Frameworks",
				);
				MARKETING_VERSION = 1.0;
				PRODUCT_BUNDLE_IDENTIFIER = com.seokho.Movielity;
				PRODUCT_NAME = "$(TARGET_NAME)";
				SWIFT_EMIT_LOC_STRINGS = YES;
				SWIFT_VERSION = 5.0;
				TARGETED_DEVICE_FAMILY = "1,2";
			};
			name = Debug;
		};
		019E03CB2CB52275008753E9 /* Release */ = {
			isa = XCBuildConfiguration;
			buildSettings = {
				ASSETCATALOG_COMPILER_APPICON_NAME = AppIcon;
				ASSETCATALOG_COMPILER_GLOBAL_ACCENT_COLOR_NAME = AccentColor;
				CODE_SIGN_STYLE = Automatic;
				CURRENT_PROJECT_VERSION = 1;
				GENERATE_INFOPLIST_FILE = YES;
				INFOPLIST_FILE = Movielity/Info.plist;
				INFOPLIST_KEY_CFBundleDisplayName = "무빌리티";
				INFOPLIST_KEY_UIApplicationSupportsIndirectInputEvents = YES;
				INFOPLIST_KEY_UILaunchStoryboardName = LaunchScreen;
				INFOPLIST_KEY_UIMainStoryboardFile = "";
				INFOPLIST_KEY_UISupportedInterfaceOrientations_iPad = "UIInterfaceOrientationPortrait UIInterfaceOrientationPortraitUpsideDown UIInterfaceOrientationLandscapeLeft UIInterfaceOrientationLandscapeRight";
				INFOPLIST_KEY_UISupportedInterfaceOrientations_iPhone = "UIInterfaceOrientationPortrait UIInterfaceOrientationLandscapeLeft UIInterfaceOrientationLandscapeRight";
				LD_RUNPATH_SEARCH_PATHS = (
					"$(inherited)",
					"@executable_path/Frameworks",
				);
				MARKETING_VERSION = 1.0;
				PRODUCT_BUNDLE_IDENTIFIER = com.seokho.Movielity;
				PRODUCT_NAME = "$(TARGET_NAME)";
				SWIFT_EMIT_LOC_STRINGS = YES;
				SWIFT_VERSION = 5.0;
				TARGETED_DEVICE_FAMILY = "1,2";
			};
			name = Release;
		};
/* End XCBuildConfiguration section */

/* Begin XCConfigurationList section */
		019E03B02CB52274008753E9 /* Build configuration list for PBXProject "Movielity" */ = {
			isa = XCConfigurationList;
			buildConfigurations = (
				019E03C72CB52275008753E9 /* Debug */,
				019E03C82CB52275008753E9 /* Release */,
			);
			defaultConfigurationIsVisible = 0;
			defaultConfigurationName = Release;
		};
		019E03C92CB52275008753E9 /* Build configuration list for PBXNativeTarget "Movielity" */ = {
			isa = XCConfigurationList;
			buildConfigurations = (
				019E03CA2CB52275008753E9 /* Debug */,
				019E03CB2CB52275008753E9 /* Release */,
			);
			defaultConfigurationIsVisible = 0;
			defaultConfigurationName = Release;
		};
/* End XCConfigurationList section */

/* Begin XCRemoteSwiftPackageReference section */
		AA6521FE2CB5345800B56E01 /* XCRemoteSwiftPackageReference "SnapKit" */ = {
			isa = XCRemoteSwiftPackageReference;
			repositoryURL = "https://github.com/SnapKit/SnapKit.git";
			requirement = {
				kind = upToNextMajorVersion;
				minimumVersion = 5.7.1;
			};
		};
		AA6522042CB5352400B56E01 /* XCRemoteSwiftPackageReference "realm-swift" */ = {
			isa = XCRemoteSwiftPackageReference;
			repositoryURL = "https://github.com/realm/realm-swift.git";
			requirement = {
				kind = exactVersion;
				version = 10.54.0;
			};
		};
		AA6522092CB5359200B56E01 /* XCRemoteSwiftPackageReference "RxSwift" */ = {
			isa = XCRemoteSwiftPackageReference;
			repositoryURL = "https://github.com/ReactiveX/RxSwift.git";
			requirement = {
				kind = upToNextMajorVersion;
				minimumVersion = 6.8.0;
			};
		};
		AA65220E2CB535A300B56E01 /* XCRemoteSwiftPackageReference "Alamofire" */ = {
			isa = XCRemoteSwiftPackageReference;
			repositoryURL = "https://github.com/Alamofire/Alamofire.git";
			requirement = {
				kind = upToNextMajorVersion;
				minimumVersion = 5.9.1;
			};
		};
		AA6522112CB535BD00B56E01 /* XCRemoteSwiftPackageReference "Then" */ = {
			isa = XCRemoteSwiftPackageReference;
			repositoryURL = "https://github.com/devxoul/Then.git";
			requirement = {
				kind = upToNextMajorVersion;
				minimumVersion = 3.0.0;
			};
		};
		AAD8B0AA2CB8C38200ED45CC /* XCRemoteSwiftPackageReference "Kingfisher" */ = {
			isa = XCRemoteSwiftPackageReference;
			repositoryURL = "https://github.com/onevcat/Kingfisher.git";
			requirement = {
				kind = upToNextMajorVersion;
				minimumVersion = 8.0.3;
			};
		};
/* End XCRemoteSwiftPackageReference section */

/* Begin XCSwiftPackageProductDependency section */
		AA6521FF2CB5345800B56E01 /* SnapKit */ = {
			isa = XCSwiftPackageProductDependency;
			package = AA6521FE2CB5345800B56E01 /* XCRemoteSwiftPackageReference "SnapKit" */;
			productName = SnapKit;
		};
		AA6522052CB5352400B56E01 /* RealmSwift */ = {
			isa = XCSwiftPackageProductDependency;
			package = AA6522042CB5352400B56E01 /* XCRemoteSwiftPackageReference "realm-swift" */;
			productName = RealmSwift;
		};
		AA65220A2CB5359200B56E01 /* RxCocoa */ = {
			isa = XCSwiftPackageProductDependency;
			package = AA6522092CB5359200B56E01 /* XCRemoteSwiftPackageReference "RxSwift" */;
			productName = RxCocoa;
		};
		AA65220C2CB5359200B56E01 /* RxSwift */ = {
			isa = XCSwiftPackageProductDependency;
			package = AA6522092CB5359200B56E01 /* XCRemoteSwiftPackageReference "RxSwift" */;
			productName = RxSwift;
		};
		AA65220F2CB535A300B56E01 /* Alamofire */ = {
			isa = XCSwiftPackageProductDependency;
			package = AA65220E2CB535A300B56E01 /* XCRemoteSwiftPackageReference "Alamofire" */;
			productName = Alamofire;
		};
		AA6522122CB535BD00B56E01 /* Then */ = {
			isa = XCSwiftPackageProductDependency;
			package = AA6522112CB535BD00B56E01 /* XCRemoteSwiftPackageReference "Then" */;
			productName = Then;
		};
		AAD8B0AB2CB8C38200ED45CC /* Kingfisher */ = {
			isa = XCSwiftPackageProductDependency;
			package = AAD8B0AA2CB8C38200ED45CC /* XCRemoteSwiftPackageReference "Kingfisher" */;
			productName = Kingfisher;
		};
/* End XCSwiftPackageProductDependency section */
	};
	rootObject = 019E03AD2CB52274008753E9 /* Project object */;
}
