// !$*UTF8*$!
{
	archiveVersion = 1;
	classes = {
	};
	objectVersion = 56;
	objects = {

/* Begin PBXBuildFile section */
		019E03B92CB52274008753E9 /* AppDelegate.swift in Sources */ = {isa = PBXBuildFile; fileRef = 019E03B82CB52274008753E9 /* AppDelegate.swift */; };
		019E03BB2CB52274008753E9 /* SceneDelegate.swift in Sources */ = {isa = PBXBuildFile; fileRef = 019E03BA2CB52274008753E9 /* SceneDelegate.swift */; };
		019E03BD2CB52274008753E9 /* ViewController.swift in Sources */ = {isa = PBXBuildFile; fileRef = 019E03BC2CB52274008753E9 /* ViewController.swift */; };
		019E03C02CB52274008753E9 /* Base in Resources */ = {isa = PBXBuildFile; fileRef = 019E03BF2CB52274008753E9 /* Base */; };
		019E03C22CB52275008753E9 /* Assets.xcassets in Resources */ = {isa = PBXBuildFile; fileRef = 019E03C12CB52275008753E9 /* Assets.xcassets */; };
		019E03C52CB52275008753E9 /* Base in Resources */ = {isa = PBXBuildFile; fileRef = 019E03C42CB52275008753E9 /* Base */; };
		019E03CD2CB5228A008753E9 /* .gitignore in Resources */ = {isa = PBXBuildFile; fileRef = 019E03CC2CB5228A008753E9 /* .gitignore */; };
		019E03D12CB52C72008753E9 /* NetworkManager.swift in Sources */ = {isa = PBXBuildFile; fileRef = 019E03D02CB52C72008753E9 /* NetworkManager.swift */; };
		019E03D62CB6602E008753E9 /* APIKey.swift in Sources */ = {isa = PBXBuildFile; fileRef = 019E03D52CB6602E008753E9 /* APIKey.swift */; };
		019E03D82CB661D9008753E9 /* Router.swift in Sources */ = {isa = PBXBuildFile; fileRef = 019E03D72CB661D9008753E9 /* Router.swift */; };
		019E03DA2CB669DF008753E9 /* TargetType.swift in Sources */ = {isa = PBXBuildFile; fileRef = 019E03D92CB669DF008753E9 /* TargetType.swift */; };
		019E03DC2CB66A2C008753E9 /* APIUrl.swift in Sources */ = {isa = PBXBuildFile; fileRef = 019E03DB2CB66A2C008753E9 /* APIUrl.swift */; };
		019E03DE2CB672EA008753E9 /* HTTPHeaderField.swift in Sources */ = {isa = PBXBuildFile; fileRef = 019E03DD2CB672EA008753E9 /* HTTPHeaderField.swift */; };
		AA6522002CB5345800B56E01 /* SnapKit in Frameworks */ = {isa = PBXBuildFile; productRef = AA6521FF2CB5345800B56E01 /* SnapKit */; };
		AA6522062CB5352400B56E01 /* RealmSwift in Frameworks */ = {isa = PBXBuildFile; productRef = AA6522052CB5352400B56E01 /* RealmSwift */; };
		AA6522072CB5353100B56E01 /* RealmSwift in Embed Frameworks */ = {isa = PBXBuildFile; productRef = AA6522052CB5352400B56E01 /* RealmSwift */; settings = {ATTRIBUTES = (CodeSignOnCopy, ); }; };
		AA65220B2CB5359200B56E01 /* RxCocoa in Frameworks */ = {isa = PBXBuildFile; productRef = AA65220A2CB5359200B56E01 /* RxCocoa */; };
		AA65220D2CB5359200B56E01 /* RxSwift in Frameworks */ = {isa = PBXBuildFile; productRef = AA65220C2CB5359200B56E01 /* RxSwift */; };
		AA6522102CB535A300B56E01 /* Alamofire in Frameworks */ = {isa = PBXBuildFile; productRef = AA65220F2CB535A300B56E01 /* Alamofire */; };
		AA6522132CB535BD00B56E01 /* Then in Frameworks */ = {isa = PBXBuildFile; productRef = AA6522122CB535BD00B56E01 /* Then */; };
/* End PBXBuildFile section */

/* Begin PBXCopyFilesBuildPhase section */
		AA6522082CB5353100B56E01 /* Embed Frameworks */ = {
			isa = PBXCopyFilesBuildPhase;
			buildActionMask = 2147483647;
			dstPath = "";
			dstSubfolderSpec = 10;
			files = (
				AA6522072CB5353100B56E01 /* RealmSwift in Embed Frameworks */,
			);
			name = "Embed Frameworks";
			runOnlyForDeploymentPostprocessing = 0;
		};
/* End PBXCopyFilesBuildPhase section */

/* Begin PBXFileReference section */
		019E03B52CB52274008753E9 /* Movielity.app */ = {isa = PBXFileReference; explicitFileType = wrapper.application; includeInIndex = 0; path = Movielity.app; sourceTree = BUILT_PRODUCTS_DIR; };
		019E03B82CB52274008753E9 /* AppDelegate.swift */ = {isa = PBXFileReference; lastKnownFileType = sourcecode.swift; path = AppDelegate.swift; sourceTree = "<group>"; };
		019E03BA2CB52274008753E9 /* SceneDelegate.swift */ = {isa = PBXFileReference; lastKnownFileType = sourcecode.swift; path = SceneDelegate.swift; sourceTree = "<group>"; };
		019E03BC2CB52274008753E9 /* ViewController.swift */ = {isa = PBXFileReference; lastKnownFileType = sourcecode.swift; path = ViewController.swift; sourceTree = "<group>"; };
		019E03BF2CB52274008753E9 /* Base */ = {isa = PBXFileReference; lastKnownFileType = file.storyboard; name = Base; path = Base.lproj/Main.storyboard; sourceTree = "<group>"; };
		019E03C12CB52275008753E9 /* Assets.xcassets */ = {isa = PBXFileReference; lastKnownFileType = folder.assetcatalog; path = Assets.xcassets; sourceTree = "<group>"; };
		019E03C42CB52275008753E9 /* Base */ = {isa = PBXFileReference; lastKnownFileType = file.storyboard; name = Base; path = Base.lproj/LaunchScreen.storyboard; sourceTree = "<group>"; };
		019E03C62CB52275008753E9 /* Info.plist */ = {isa = PBXFileReference; lastKnownFileType = text.plist.xml; path = Info.plist; sourceTree = "<group>"; };
		019E03CC2CB5228A008753E9 /* .gitignore */ = {isa = PBXFileReference; lastKnownFileType = text; path = .gitignore; sourceTree = "<group>"; };
		019E03D02CB52C72008753E9 /* NetworkManager.swift */ = {isa = PBXFileReference; lastKnownFileType = sourcecode.swift; path = NetworkManager.swift; sourceTree = "<group>"; };
		019E03D52CB6602E008753E9 /* APIKey.swift */ = {isa = PBXFileReference; lastKnownFileType = sourcecode.swift; path = APIKey.swift; sourceTree = "<group>"; };
		019E03D72CB661D9008753E9 /* Router.swift */ = {isa = PBXFileReference; lastKnownFileType = sourcecode.swift; path = Router.swift; sourceTree = "<group>"; };
		019E03D92CB669DF008753E9 /* TargetType.swift */ = {isa = PBXFileReference; lastKnownFileType = sourcecode.swift; path = TargetType.swift; sourceTree = "<group>"; };
		019E03DB2CB66A2C008753E9 /* APIUrl.swift */ = {isa = PBXFileReference; lastKnownFileType = sourcecode.swift; path = APIUrl.swift; sourceTree = "<group>"; };
		019E03DD2CB672EA008753E9 /* HTTPHeaderField.swift */ = {isa = PBXFileReference; lastKnownFileType = sourcecode.swift; path = HTTPHeaderField.swift; sourceTree = "<group>"; };
/* End PBXFileReference section */

/* Begin PBXFrameworksBuildPhase section */
		019E03B22CB52274008753E9 /* Frameworks */ = {
			isa = PBXFrameworksBuildPhase;
			buildActionMask = 2147483647;
			files = (
				AA6522102CB535A300B56E01 /* Alamofire in Frameworks */,
				AA6522132CB535BD00B56E01 /* Then in Frameworks */,
				AA65220B2CB5359200B56E01 /* RxCocoa in Frameworks */,
				AA6522062CB5352400B56E01 /* RealmSwift in Frameworks */,
				AA65220D2CB5359200B56E01 /* RxSwift in Frameworks */,
				AA6522002CB5345800B56E01 /* SnapKit in Frameworks */,
			);
			runOnlyForDeploymentPostprocessing = 0;
		};
/* End PBXFrameworksBuildPhase section */

/* Begin PBXGroup section */
		019E03AC2CB52274008753E9 = {
			isa = PBXGroup;
			children = (
				019E03CC2CB5228A008753E9 /* .gitignore */,
				019E03B72CB52274008753E9 /* Movielity */,
				019E03B62CB52274008753E9 /* Products */,
			);
			sourceTree = "<group>";
		};
		019E03B62CB52274008753E9 /* Products */ = {
			isa = PBXGroup;
			children = (
				019E03B52CB52274008753E9 /* Movielity.app */,
			);
			name = Products;
			sourceTree = "<group>";
		};
		019E03B72CB52274008753E9 /* Movielity */ = {
			isa = PBXGroup;
			children = (
				019E03B82CB52274008753E9 /* AppDelegate.swift */,
				019E03BA2CB52274008753E9 /* SceneDelegate.swift */,
				019E03DB2CB66A2C008753E9 /* APIUrl.swift */,
				019E03D52CB6602E008753E9 /* APIKey.swift */,
				019E03D42CB65AE6008753E9 /* Network */,
				019E03BC2CB52274008753E9 /* ViewController.swift */,
				019E03BE2CB52274008753E9 /* Main.storyboard */,
				019E03C12CB52275008753E9 /* Assets.xcassets */,
				019E03C32CB52275008753E9 /* LaunchScreen.storyboard */,
				019E03C62CB52275008753E9 /* Info.plist */,
			);
			path = Movielity;
			sourceTree = "<group>";
		};
		019E03D42CB65AE6008753E9 /* Network */ = {
			isa = PBXGroup;
			children = (
				019E03D02CB52C72008753E9 /* NetworkManager.swift */,
				019E03D72CB661D9008753E9 /* Router.swift */,
				019E03D92CB669DF008753E9 /* TargetType.swift */,
				019E03DD2CB672EA008753E9 /* HTTPHeaderField.swift */,
			);
			path = Network;
			sourceTree = "<group>";
		};
/* End PBXGroup section */

/* Begin PBXNativeTarget section */
		019E03B42CB52274008753E9 /* Movielity */ = {
			isa = PBXNativeTarget;
			buildConfigurationList = 019E03C92CB52275008753E9 /* Build configuration list for PBXNativeTarget "Movielity" */;
			buildPhases = (
				019E03B12CB52274008753E9 /* Sources */,
				019E03B22CB52274008753E9 /* Frameworks */,
				019E03B32CB52274008753E9 /* Resources */,
				AA6522082CB5353100B56E01 /* Embed Frameworks */,
			);
			buildRules = (
			);
			dependencies = (
			);
			name = Movielity;
			packageProductDependencies = (
				AA6521FF2CB5345800B56E01 /* SnapKit */,
				AA6522052CB5352400B56E01 /* RealmSwift */,
				AA65220A2CB5359200B56E01 /* RxCocoa */,
				AA65220C2CB5359200B56E01 /* RxSwift */,
				AA65220F2CB535A300B56E01 /* Alamofire */,
				AA6522122CB535BD00B56E01 /* Then */,
			);
			productName = Movielity;
			productReference = 019E03B52CB52274008753E9 /* Movielity.app */;
			productType = "com.apple.product-type.application";
		};
/* End PBXNativeTarget section */

/* Begin PBXProject section */
		019E03AD2CB52274008753E9 /* Project object */ = {
			isa = PBXProject;
			attributes = {
				BuildIndependentTargetsInParallel = 1;
				LastSwiftUpdateCheck = 1530;
				LastUpgradeCheck = 1530;
				TargetAttributes = {
					019E03B42CB52274008753E9 = {
						CreatedOnToolsVersion = 15.3;
					};
				};
			};
			buildConfigurationList = 019E03B02CB52274008753E9 /* Build configuration list for PBXProject "Movielity" */;
			compatibilityVersion = "Xcode 14.0";
			developmentRegion = en;
			hasScannedForEncodings = 0;
			knownRegions = (
				en,
				Base,
			);
			mainGroup = 019E03AC2CB52274008753E9;
			packageReferences = (
				AA6521FE2CB5345800B56E01 /* XCRemoteSwiftPackageReference "SnapKit" */,
				AA6522042CB5352400B56E01 /* XCRemoteSwiftPackageReference "realm-swift" */,
				AA6522092CB5359200B56E01 /* XCRemoteSwiftPackageReference "RxSwift" */,
				AA65220E2CB535A300B56E01 /* XCRemoteSwiftPackageReference "Alamofire" */,
				AA6522112CB535BD00B56E01 /* XCRemoteSwiftPackageReference "Then" */,
			);
			productRefGroup = 019E03B62CB52274008753E9 /* Products */;
			projectDirPath = "";
			projectRoot = "";
			targets = (
				019E03B42CB52274008753E9 /* Movielity */,
			);
		};
/* End PBXProject section */

/* Begin PBXResourcesBuildPhase section */
		019E03B32CB52274008753E9 /* Resources */ = {
			isa = PBXResourcesBuildPhase;
			buildActionMask = 2147483647;
			files = (
				019E03CD2CB5228A008753E9 /* .gitignore in Resources */,
				019E03C22CB52275008753E9 /* Assets.xcassets in Resources */,
				019E03C52CB52275008753E9 /* Base in Resources */,
				019E03C02CB52274008753E9 /* Base in Resources */,
			);
			runOnlyForDeploymentPostprocessing = 0;
		};
/* End PBXResourcesBuildPhase section */

/* Begin PBXSourcesBuildPhase section */
		019E03B12CB52274008753E9 /* Sources */ = {
			isa = PBXSourcesBuildPhase;
			buildActionMask = 2147483647;
			files = (
				019E03D12CB52C72008753E9 /* NetworkManager.swift in Sources */,
				019E03BD2CB52274008753E9 /* ViewController.swift in Sources */,
				019E03B92CB52274008753E9 /* AppDelegate.swift in Sources */,
				019E03BB2CB52274008753E9 /* SceneDelegate.swift in Sources */,
				019E03DC2CB66A2C008753E9 /* APIUrl.swift in Sources */,
				019E03D82CB661D9008753E9 /* Router.swift in Sources */,
				019E03D62CB6602E008753E9 /* APIKey.swift in Sources */,
				019E03DE2CB672EA008753E9 /* HTTPHeaderField.swift in Sources */,
				019E03DA2CB669DF008753E9 /* TargetType.swift in Sources */,
			);
			runOnlyForDeploymentPostprocessing = 0;
		};
/* End PBXSourcesBuildPhase section */

/* Begin PBXVariantGroup section */
		019E03BE2CB52274008753E9 /* Main.storyboard */ = {
			isa = PBXVariantGroup;
			children = (
				019E03BF2CB52274008753E9 /* Base */,
			);
			name = Main.storyboard;
			sourceTree = "<group>";
		};
		019E03C32CB52275008753E9 /* LaunchScreen.storyboard */ = {
			isa = PBXVariantGroup;
			children = (
				019E03C42CB52275008753E9 /* Base */,
			);
			name = LaunchScreen.storyboard;
			sourceTree = "<group>";
		};
/* End PBXVariantGroup section */

/* Begin XCBuildConfiguration section */
		019E03C72CB52275008753E9 /* Debug */ = {
			isa = XCBuildConfiguration;
			buildSettings = {
				ALWAYS_SEARCH_USER_PATHS = NO;
				ASSETCATALOG_COMPILER_GENERATE_SWIFT_ASSET_SYMBOL_EXTENSIONS = YES;
				CLANG_ANALYZER_NONNULL = YES;
				CLANG_ANALYZER_NUMBER_OBJECT_CONVERSION = YES_AGGRESSIVE;
				CLANG_CXX_LANGUAGE_STANDARD = "gnu++20";
				CLANG_ENABLE_MODULES = YES;
				CLANG_ENABLE_OBJC_ARC = YES;
				CLANG_ENABLE_OBJC_WEAK = YES;
				CLANG_WARN_BLOCK_CAPTURE_AUTORELEASING = YES;
				CLANG_WARN_BOOL_CONVERSION = YES;
				CLANG_WARN_COMMA = YES;
				CLANG_WARN_CONSTANT_CONVERSION = YES;
				CLANG_WARN_DEPRECATED_OBJC_IMPLEMENTATIONS = YES;
				CLANG_WARN_DIRECT_OBJC_ISA_USAGE = YES_ERROR;
				CLANG_WARN_DOCUMENTATION_COMMENTS = YES;
				CLANG_WARN_EMPTY_BODY = YES;
				CLANG_WARN_ENUM_CONVERSION = YES;
				CLANG_WARN_INFINITE_RECURSION = YES;
				CLANG_WARN_INT_CONVERSION = YES;
				CLANG_WARN_NON_LITERAL_NULL_CONVERSION = YES;
				CLANG_WARN_OBJC_IMPLICIT_RETAIN_SELF = YES;
				CLANG_WARN_OBJC_LITERAL_CONVERSION = YES;
				CLANG_WARN_OBJC_ROOT_CLASS = YES_ERROR;
				CLANG_WARN_QUOTED_INCLUDE_IN_FRAMEWORK_HEADER = YES;
				CLANG_WARN_RANGE_LOOP_ANALYSIS = YES;
				CLANG_WARN_STRICT_PROTOTYPES = YES;
				CLANG_WARN_SUSPICIOUS_MOVE = YES;
				CLANG_WARN_UNGUARDED_AVAILABILITY = YES_AGGRESSIVE;
				CLANG_WARN_UNREACHABLE_CODE = YES;
				CLANG_WARN__DUPLICATE_METHOD_MATCH = YES;
				COPY_PHASE_STRIP = NO;
				DEBUG_INFORMATION_FORMAT = dwarf;
				ENABLE_STRICT_OBJC_MSGSEND = YES;
				ENABLE_TESTABILITY = YES;
				ENABLE_USER_SCRIPT_SANDBOXING = YES;
				GCC_C_LANGUAGE_STANDARD = gnu17;
				GCC_DYNAMIC_NO_PIC = NO;
				GCC_NO_COMMON_BLOCKS = YES;
				GCC_OPTIMIZATION_LEVEL = 0;
				GCC_PREPROCESSOR_DEFINITIONS = (
					"DEBUG=1",
					"$(inherited)",
				);
				GCC_WARN_64_TO_32_BIT_CONVERSION = YES;
				GCC_WARN_ABOUT_RETURN_TYPE = YES_ERROR;
				GCC_WARN_UNDECLARED_SELECTOR = YES;
				GCC_WARN_UNINITIALIZED_AUTOS = YES_AGGRESSIVE;
				GCC_WARN_UNUSED_FUNCTION = YES;
				GCC_WARN_UNUSED_VARIABLE = YES;
				IPHONEOS_DEPLOYMENT_TARGET = 17.4;
				LOCALIZATION_PREFERS_STRING_CATALOGS = YES;
				MTL_ENABLE_DEBUG_INFO = INCLUDE_SOURCE;
				MTL_FAST_MATH = YES;
				ONLY_ACTIVE_ARCH = YES;
				SDKROOT = iphoneos;
				SWIFT_ACTIVE_COMPILATION_CONDITIONS = "DEBUG $(inherited)";
				SWIFT_OPTIMIZATION_LEVEL = "-Onone";
			};
			name = Debug;
		};
		019E03C82CB52275008753E9 /* Release */ = {
			isa = XCBuildConfiguration;
			buildSettings = {
				ALWAYS_SEARCH_USER_PATHS = NO;
				ASSETCATALOG_COMPILER_GENERATE_SWIFT_ASSET_SYMBOL_EXTENSIONS = YES;
				CLANG_ANALYZER_NONNULL = YES;
				CLANG_ANALYZER_NUMBER_OBJECT_CONVERSION = YES_AGGRESSIVE;
				CLANG_CXX_LANGUAGE_STANDARD = "gnu++20";
				CLANG_ENABLE_MODULES = YES;
				CLANG_ENABLE_OBJC_ARC = YES;
				CLANG_ENABLE_OBJC_WEAK = YES;
				CLANG_WARN_BLOCK_CAPTURE_AUTORELEASING = YES;
				CLANG_WARN_BOOL_CONVERSION = YES;
				CLANG_WARN_COMMA = YES;
				CLANG_WARN_CONSTANT_CONVERSION = YES;
				CLANG_WARN_DEPRECATED_OBJC_IMPLEMENTATIONS = YES;
				CLANG_WARN_DIRECT_OBJC_ISA_USAGE = YES_ERROR;
				CLANG_WARN_DOCUMENTATION_COMMENTS = YES;
				CLANG_WARN_EMPTY_BODY = YES;
				CLANG_WARN_ENUM_CONVERSION = YES;
				CLANG_WARN_INFINITE_RECURSION = YES;
				CLANG_WARN_INT_CONVERSION = YES;
				CLANG_WARN_NON_LITERAL_NULL_CONVERSION = YES;
				CLANG_WARN_OBJC_IMPLICIT_RETAIN_SELF = YES;
				CLANG_WARN_OBJC_LITERAL_CONVERSION = YES;
				CLANG_WARN_OBJC_ROOT_CLASS = YES_ERROR;
				CLANG_WARN_QUOTED_INCLUDE_IN_FRAMEWORK_HEADER = YES;
				CLANG_WARN_RANGE_LOOP_ANALYSIS = YES;
				CLANG_WARN_STRICT_PROTOTYPES = YES;
				CLANG_WARN_SUSPICIOUS_MOVE = YES;
				CLANG_WARN_UNGUARDED_AVAILABILITY = YES_AGGRESSIVE;
				CLANG_WARN_UNREACHABLE_CODE = YES;
				CLANG_WARN__DUPLICATE_METHOD_MATCH = YES;
				COPY_PHASE_STRIP = NO;
				DEBUG_INFORMATION_FORMAT = "dwarf-with-dsym";
				ENABLE_NS_ASSERTIONS = NO;
				ENABLE_STRICT_OBJC_MSGSEND = YES;
				ENABLE_USER_SCRIPT_SANDBOXING = YES;
				GCC_C_LANGUAGE_STANDARD = gnu17;
				GCC_NO_COMMON_BLOCKS = YES;
				GCC_WARN_64_TO_32_BIT_CONVERSION = YES;
				GCC_WARN_ABOUT_RETURN_TYPE = YES_ERROR;
				GCC_WARN_UNDECLARED_SELECTOR = YES;
				GCC_WARN_UNINITIALIZED_AUTOS = YES_AGGRESSIVE;
				GCC_WARN_UNUSED_FUNCTION = YES;
				GCC_WARN_UNUSED_VARIABLE = YES;
				IPHONEOS_DEPLOYMENT_TARGET = 17.4;
				LOCALIZATION_PREFERS_STRING_CATALOGS = YES;
				MTL_ENABLE_DEBUG_INFO = NO;
				MTL_FAST_MATH = YES;
				SDKROOT = iphoneos;
				SWIFT_COMPILATION_MODE = wholemodule;
				VALIDATE_PRODUCT = YES;
			};
			name = Release;
		};
		019E03CA2CB52275008753E9 /* Debug */ = {
			isa = XCBuildConfiguration;
			buildSettings = {
				ASSETCATALOG_COMPILER_APPICON_NAME = AppIcon;
				ASSETCATALOG_COMPILER_GLOBAL_ACCENT_COLOR_NAME = AccentColor;
				CODE_SIGN_STYLE = Automatic;
				CURRENT_PROJECT_VERSION = 1;
				GENERATE_INFOPLIST_FILE = YES;
				INFOPLIST_FILE = Movielity/Info.plist;
				INFOPLIST_KEY_CFBundleDisplayName = "무빌리티";
				INFOPLIST_KEY_UIApplicationSupportsIndirectInputEvents = YES;
				INFOPLIST_KEY_UILaunchStoryboardName = LaunchScreen;
				INFOPLIST_KEY_UIMainStoryboardFile = Main;
				INFOPLIST_KEY_UISupportedInterfaceOrientations_iPad = "UIInterfaceOrientationPortrait UIInterfaceOrientationPortraitUpsideDown UIInterfaceOrientationLandscapeLeft UIInterfaceOrientationLandscapeRight";
				INFOPLIST_KEY_UISupportedInterfaceOrientations_iPhone = "UIInterfaceOrientationPortrait UIInterfaceOrientationLandscapeLeft UIInterfaceOrientationLandscapeRight";
				LD_RUNPATH_SEARCH_PATHS = (
					"$(inherited)",
					"@executable_path/Frameworks",
				);
				MARKETING_VERSION = 1.0;
				PRODUCT_BUNDLE_IDENTIFIER = com.seokho.Movielity;
				PRODUCT_NAME = "$(TARGET_NAME)";
				SWIFT_EMIT_LOC_STRINGS = YES;
				SWIFT_VERSION = 5.0;
				TARGETED_DEVICE_FAMILY = "1,2";
			};
			name = Debug;
		};
		019E03CB2CB52275008753E9 /* Release */ = {
			isa = XCBuildConfiguration;
			buildSettings = {
				ASSETCATALOG_COMPILER_APPICON_NAME = AppIcon;
				ASSETCATALOG_COMPILER_GLOBAL_ACCENT_COLOR_NAME = AccentColor;
				CODE_SIGN_STYLE = Automatic;
				CURRENT_PROJECT_VERSION = 1;
				GENERATE_INFOPLIST_FILE = YES;
				INFOPLIST_FILE = Movielity/Info.plist;
				INFOPLIST_KEY_CFBundleDisplayName = "무빌리티";
				INFOPLIST_KEY_UIApplicationSupportsIndirectInputEvents = YES;
				INFOPLIST_KEY_UILaunchStoryboardName = LaunchScreen;
				INFOPLIST_KEY_UIMainStoryboardFile = Main;
				INFOPLIST_KEY_UISupportedInterfaceOrientations_iPad = "UIInterfaceOrientationPortrait UIInterfaceOrientationPortraitUpsideDown UIInterfaceOrientationLandscapeLeft UIInterfaceOrientationLandscapeRight";
				INFOPLIST_KEY_UISupportedInterfaceOrientations_iPhone = "UIInterfaceOrientationPortrait UIInterfaceOrientationLandscapeLeft UIInterfaceOrientationLandscapeRight";
				LD_RUNPATH_SEARCH_PATHS = (
					"$(inherited)",
					"@executable_path/Frameworks",
				);
				MARKETING_VERSION = 1.0;
				PRODUCT_BUNDLE_IDENTIFIER = com.seokho.Movielity;
				PRODUCT_NAME = "$(TARGET_NAME)";
				SWIFT_EMIT_LOC_STRINGS = YES;
				SWIFT_VERSION = 5.0;
				TARGETED_DEVICE_FAMILY = "1,2";
			};
			name = Release;
		};
/* End XCBuildConfiguration section */

/* Begin XCConfigurationList section */
		019E03B02CB52274008753E9 /* Build configuration list for PBXProject "Movielity" */ = {
			isa = XCConfigurationList;
			buildConfigurations = (
				019E03C72CB52275008753E9 /* Debug */,
				019E03C82CB52275008753E9 /* Release */,
			);
			defaultConfigurationIsVisible = 0;
			defaultConfigurationName = Release;
		};
		019E03C92CB52275008753E9 /* Build configuration list for PBXNativeTarget "Movielity" */ = {
			isa = XCConfigurationList;
			buildConfigurations = (
				019E03CA2CB52275008753E9 /* Debug */,
				019E03CB2CB52275008753E9 /* Release */,
			);
			defaultConfigurationIsVisible = 0;
			defaultConfigurationName = Release;
		};
/* End XCConfigurationList section */

/* Begin XCRemoteSwiftPackageReference section */
		AA6521FE2CB5345800B56E01 /* XCRemoteSwiftPackageReference "SnapKit" */ = {
			isa = XCRemoteSwiftPackageReference;
			repositoryURL = "https://github.com/SnapKit/SnapKit.git";
			requirement = {
				kind = upToNextMajorVersion;
				minimumVersion = 5.7.1;
			};
		};
		AA6522042CB5352400B56E01 /* XCRemoteSwiftPackageReference "realm-swift" */ = {
			isa = XCRemoteSwiftPackageReference;
			repositoryURL = "https://github.com/realm/realm-swift.git";
			requirement = {
				kind = exactVersion;
				version = 10.54.0;
			};
		};
		AA6522092CB5359200B56E01 /* XCRemoteSwiftPackageReference "RxSwift" */ = {
			isa = XCRemoteSwiftPackageReference;
			repositoryURL = "https://github.com/ReactiveX/RxSwift.git";
			requirement = {
				kind = upToNextMajorVersion;
				minimumVersion = 6.8.0;
			};
		};
		AA65220E2CB535A300B56E01 /* XCRemoteSwiftPackageReference "Alamofire" */ = {
			isa = XCRemoteSwiftPackageReference;
			repositoryURL = "https://github.com/Alamofire/Alamofire.git";
			requirement = {
				kind = upToNextMajorVersion;
				minimumVersion = 5.9.1;
			};
		};
		AA6522112CB535BD00B56E01 /* XCRemoteSwiftPackageReference "Then" */ = {
			isa = XCRemoteSwiftPackageReference;
			repositoryURL = "https://github.com/devxoul/Then.git";
			requirement = {
				kind = upToNextMajorVersion;
				minimumVersion = 3.0.0;
			};
		};
/* End XCRemoteSwiftPackageReference section */

/* Begin XCSwiftPackageProductDependency section */
		AA6521FF2CB5345800B56E01 /* SnapKit */ = {
			isa = XCSwiftPackageProductDependency;
			package = AA6521FE2CB5345800B56E01 /* XCRemoteSwiftPackageReference "SnapKit" */;
			productName = SnapKit;
		};
		AA6522052CB5352400B56E01 /* RealmSwift */ = {
			isa = XCSwiftPackageProductDependency;
			package = AA6522042CB5352400B56E01 /* XCRemoteSwiftPackageReference "realm-swift" */;
			productName = RealmSwift;
		};
		AA65220A2CB5359200B56E01 /* RxCocoa */ = {
			isa = XCSwiftPackageProductDependency;
			package = AA6522092CB5359200B56E01 /* XCRemoteSwiftPackageReference "RxSwift" */;
			productName = RxCocoa;
		};
		AA65220C2CB5359200B56E01 /* RxSwift */ = {
			isa = XCSwiftPackageProductDependency;
			package = AA6522092CB5359200B56E01 /* XCRemoteSwiftPackageReference "RxSwift" */;
			productName = RxSwift;
		};
		AA65220F2CB535A300B56E01 /* Alamofire */ = {
			isa = XCSwiftPackageProductDependency;
			package = AA65220E2CB535A300B56E01 /* XCRemoteSwiftPackageReference "Alamofire" */;
			productName = Alamofire;
		};
		AA6522122CB535BD00B56E01 /* Then */ = {
			isa = XCSwiftPackageProductDependency;
			package = AA6522112CB535BD00B56E01 /* XCRemoteSwiftPackageReference "Then" */;
			productName = Then;
		};
/* End XCSwiftPackageProductDependency section */
	};
	rootObject = 019E03AD2CB52274008753E9 /* Project object */;
}
